{
  "name": "fltcycle",
  "version": "1.0.0",
  "lockfileVersion": 2,
  "requires": true,
  "packages": {
    "": {
      "name": "fltcycle",
      "version": "1.0.0",
      "license": "ISC",
      "dependencies": {
        "@babel/runtime": "file:runtime-7.21.5.tgz",
        "dateformat": "file:dateformat-5.0.3.tgz",
        "dayjs": "file:dayjs-1.11.5.tgz",
        "is-retry-allowed": "file:is-retry-allowed-3.0.0.tgz",
        "regenerator-runtime": "file:regenerator-runtime-0.13.11.tgz",
        "rsyncwrapper": "^3.0.1"
      }
    },
    "node_modules/@babel/runtime": {
      "version": "7.21.5",
      "resolved": "file:runtime-7.21.5.tgz",
      "integrity": "sha512-8jI69toZqqcsnqGGqwGS4Qb1VwLOEp4hz+CXPywcvjs60u3B4Pom/U/7rm4W8tMOYEB+E9wgD0mW1l3r8qlI9Q==",
      "license": "MIT",
      "dependencies": {
        "regenerator-runtime": "^0.13.11"
      },
      "engines": {
        "node": ">=6.9.0"
      }
    },
    "node_modules/dateformat": {
      "version": "5.0.3",
      "resolved": "file:dateformat-5.0.3.tgz",
      "integrity": "sha512-Kvr6HmPXUMerlLcLF+Pwq3K7apHpYmGDVqrxcDasBg86UcKeTSNWbEzU8bwdXnxnR44FtMhJAxI4Bov6Y/KUfA==",
      "license": "MIT",
      "engines": {
        "node": ">=12.20"
      }
    },
    "node_modules/dayjs": {
      "version": "1.11.5",
      "resolved": "file:dayjs-1.11.5.tgz",
      "integrity": "sha512-CAdX5Q3YW3Gclyo5Vpqkgpj8fSdLQcRuzfX6mC6Phy0nfJ0eGYOeS7m4mt2plDWLAtA4TqTakvbboHvUxfe4iA==",
      "license": "MIT"
    },
    "node_modules/is-retry-allowed": {
      "version": "3.0.0",
      "resolved": "file:is-retry-allowed-3.0.0.tgz",
      "integrity": "sha512-9xH0xvoggby+u0uGF7cZXdrutWiBiaFG8ZT4YFPXL8NzkyAwX3AKGLeFQLvzDpM430+nDFBZ1LHkie/8ocL06A==",
      "license": "MIT",
      "engines": {
        "node": ">=12"
      },
      "funding": {
        "url": "https://github.com/sponsors/sindresorhus"
      }
    },
    "node_modules/regenerator-runtime": {
      "version": "0.13.11",
      "resolved": "file:regenerator-runtime-0.13.11.tgz",
      "integrity": "sha512-kY1AZVr2Ra+t+piVaJ4gxaFaReZVH40AKNo7UCX6W+dEwBo/2oZJzqfuN1qLq1oL45o56cPaTXELwrTh8Fpggg==",
      "license": "MIT"
    },
    "node_modules/rsyncwrapper": {
      "version": "3.0.1",
      "resolved": "https://registry.npmjs.org/rsyncwrapper/-/rsyncwrapper-3.0.1.tgz",
      "integrity": "sha512-fkGmeEJRbKveT/6bBqTVzzHS1wtbGQwL6qnwT/+1AtMAsEV5dX1fSAiOJVZrDOnVsOr2lFl8ga1MZLoHekV3yg==",
      "engines": {
        "node": ">=8.1.3"
      }
    }
  },
  "dependencies": {
    "@babel/runtime": {
      "version": "file:runtime-7.21.5.tgz",
      "integrity": "sha512-8jI69toZqqcsnqGGqwGS4Qb1VwLOEp4hz+CXPywcvjs60u3B4Pom/U/7rm4W8tMOYEB+E9wgD0mW1l3r8qlI9Q==",
      "requires": {
        "regenerator-runtime": "^0.13.11"
      }
    },
    "dateformat": {
      "version": "file:dateformat-5.0.3.tgz",
      "integrity": "sha512-Kvr6HmPXUMerlLcLF+Pwq3K7apHpYmGDVqrxcDasBg86UcKeTSNWbEzU8bwdXnxnR44FtMhJAxI4Bov6Y/KUfA=="
    },
    "dayjs": {
      "version": "file:dayjs-1.11.5.tgz",
      "integrity": "sha512-CAdX5Q3YW3Gclyo5Vpqkgpj8fSdLQcRuzfX6mC6Phy0nfJ0eGYOeS7m4mt2plDWLAtA4TqTakvbboHvUxfe4iA=="
    },
    "is-retry-allowed": {
      "version": "file:is-retry-allowed-3.0.0.tgz",
      "integrity": "sha512-9xH0xvoggby+u0uGF7cZXdrutWiBiaFG8ZT4YFPXL8NzkyAwX3AKGLeFQLvzDpM430+nDFBZ1LHkie/8ocL06A=="
    },
    "regenerator-runtime": {
      "version": "file:regenerator-runtime-0.13.11.tgz",
      "integrity": "sha512-kY1AZVr2Ra+t+piVaJ4gxaFaReZVH40AKNo7UCX6W+dEwBo/2oZJzqfuN1qLq1oL45o56cPaTXELwrTh8Fpggg=="
    },
    "rsyncwrapper": {
      "version": "3.0.1",
      "resolved": "https://registry.npmjs.org/rsyncwrapper/-/rsyncwrapper-3.0.1.tgz",
      "integrity": "sha512-fkGmeEJRbKveT/6bBqTVzzHS1wtbGQwL6qnwT/+1AtMAsEV5dX1fSAiOJVZrDOnVsOr2lFl8ga1MZLoHekV3yg=="
    }
  }
}
